github.com/Masterminds/semver/v3 v3.1.1 h1:hLg3sBzpNErnxhQtUy/mmLR2I9foDujNK030IGemrRc=
github.com/Masterminds/semver/v3 v3.1.1/go.mod h1:VPu/7SZ7ePZ3QOrcuXROw5FAcLl4a0cBrbBpGY/8hQs=
github.com/Masterminds/semver/v3 v3.2.1 h1:RN9w6+7QoMeJVGyfmbcgs28Br8cvmnucEXnY0rYXWg0=
github.com/Masterminds/semver/v3 v3.2.1/go.mod h1:qvl/7zhW3nngYb5+80sSMF+FG2BjYrf8m9wsX0PNOMQ=
github.com/aws/constructs-go/constructs/v10 v10.0.105/go.mod h1:nJ+TOsvImM5avqQ9apT6TQaMlZt1LYdBS573ztfcr7k=
github.com/aws/constructs-go/constructs/v10 v10.1.56/go.mod h1:QHRf47JAv2Q7+qc0NzQVWQAo4LcdzF1PMN04ZvgFtiw=
github.com/aws/constructs-go/constructs/v10 v10.1.57/go.mod h1:QHRf47JAv2Q7+qc0NzQVWQAo4LcdzF1PMN04ZvgFtiw=
github.com/aws/constructs-go/constructs/v10 v10.1.66 h1:OM6hM9D+9SPrxrvQ6eee2CHSqXj6XMwB/yifBXR6ZLs=
github.com/aws/constructs-go/constructs/v10 v10.1.66/go.mod h1:nJzXC/q76n0XkbL76eG0OvJQwbD/lWc7sjerJEARubA=
github.com/aws/constructs-go/constructs/v10 v10.1.69 h1:dslBnTnFWUO7geNCwm93n7X0zI6McouW2IRarXSt9sQ=
github.com/aws/constructs-go/constructs/v10 v10.1.69/go.mod h1:nJzXC/q76n0XkbL76eG0OvJQwbD/lWc7sjerJEARubA=
github.com/aws/constructs-go/constructs/v10 v10.1.70 h1:YulEO5GyTLe2AjlhEMGKBgf0Lp75a6uk12hNKrreqfM=
github.com/aws/constructs-go/constructs/v10 v10.1.70/go.mod h1:nJzXC/q76n0XkbL76eG0OvJQwbD/lWc7sjerJEARubA=
github.com/aws/constructs-go/constructs/v10 v10.1.71 h1:eju8/r+xlK+kkMW0uQWhw/5UsZTyk8WYwxwknto1lss=
github.com/aws/constructs-go/constructs/v10 v10.1.71/go.mod h1:nJzXC/q76n0XkbL76eG0OvJQwbD/lWc7sjerJEARubA=
github.com/aws/constructs-go/constructs/v10 v10.1.72 h1:5HNzV5lk/lliyAD41s5+JTaIZnPVPls8zgfPQIfzg/o=
github.com/aws/constructs-go/constructs/v10 v10.1.72/go.mod h1:nJzXC/q76n0XkbL76eG0OvJQwbD/lWc7sjerJEARubA=
github.com/aws/constructs-go/constructs/v10 v10.1.73 h1:aQ9VBQE1fQcBugyD9WLT4XKhk2sz7bMBwMt3TnsTxyQ=
github.com/aws/constructs-go/constructs/v10 v10.1.73/go.mod h1:nJzXC/q76n0XkbL76eG0OvJQwbD/lWc7sjerJEARubA=
github.com/aws/constructs-go/constructs/v10 v10.1.74 h1:MiyYRUbvfKgq4nYgvNBdqJ52XPuKJX+hYoWEXP6QIS0=
github.com/aws/constructs-go/constructs/v10 v10.1.74/go.mod h1:SqKMUVAlGEmcw+6dzpqhMyc76I6hqDKDJh/roKipeNU=
github.com/aws/constructs-go/constructs/v10 v10.1.75 h1:9EquUmnQukoWmx+3uWtpWSeTuRVByjqS6GLDEoR62x0=
github.com/aws/constructs-go/constructs/v10 v10.1.75/go.mod h1:SqKMUVAlGEmcw+6dzpqhMyc76I6hqDKDJh/roKipeNU=
github.com/aws/constructs-go/constructs/v10 v10.1.76 h1:xK3AssxAmb5doPwF6Zixvvq3Z2Wwi1o3JmXHxBwD+yg=
github.com/aws/constructs-go/constructs/v10 v10.1.76/go.mod h1:SqKMUVAlGEmcw+6dzpqhMyc76I6hqDKDJh/roKipeNU=
github.com/aws/constructs-go/constructs/v10 v10.1.77 h1:2UEcwsqzoPxSy+/hq5uPQZtNZw+NeQmonc8ps04rIYI=
github.com/aws/constructs-go/constructs/v10 v10.1.77/go.mod h1:SqKMUVAlGEmcw+6dzpqhMyc76I6hqDKDJh/roKipeNU=
github.com/aws/constructs-go/constructs/v10 v10.1.78 h1:+/PVdEL0nA6Z3etDe+OtCjRGMPWFuVPHmsd/YLQcBpU=
github.com/aws/constructs-go/constructs/v10 v10.1.78/go.mod h1:SqKMUVAlGEmcw+6dzpqhMyc76I6hqDKDJh/roKipeNU=
github.com/aws/constructs-go/constructs/v10 v10.1.79 h1:csbU8Y2dOQIIc8lHSCJBWfPcJHadX8aJZaDfoYjNQLY=
github.com/aws/constructs-go/constructs/v10 v10.1.79/go.mod h1:SqKMUVAlGEmcw+6dzpqhMyc76I6hqDKDJh/roKipeNU=
github.com/aws/constructs-go/constructs/v10 v10.1.80 h1:Yikp2KJfMbkiH4w8fQgx1Bupng8EWXJkQBzhfIOUNGo=
github.com/aws/constructs-go/constructs/v10 v10.1.80/go.mod h1:7+5GjvX5buJY6vZZmMxd50Ke1+NXzjva8N2eL+3txQQ=
github.com/aws/constructs-go/constructs/v10 v10.1.81 h1:4YW8JlfzFHGYMmh9/FT+HEw8ZDoTVt3WLSgaTaXmojk=
github.com/aws/constructs-go/constructs/v10 v10.1.81/go.mod h1:7+5GjvX5buJY6vZZmMxd50Ke1+NXzjva8N2eL+3txQQ=
github.com/aws/constructs-go/constructs/v10 v10.1.83 h1:rNEp3Bn5joezmm/9K/4OnmJhSCkFyU/PWO5lIwPlPsM=
github.com/aws/constructs-go/constructs/v10 v10.1.83/go.mod h1:7+5GjvX5buJY6vZZmMxd50Ke1+NXzjva8N2eL+3txQQ=
github.com/aws/constructs-go/constructs/v10 v10.1.85 h1:2dkR80x3ptvKnYpQ7BkbfE6dwYAQ2o2g/79K8N8W8jA=
github.com/aws/constructs-go/constructs/v10 v10.1.85/go.mod h1:7+5GjvX5buJY6vZZmMxd50Ke1+NXzjva8N2eL+3txQQ=
github.com/aws/constructs-go/constructs/v10 v10.1.90 h1:qnkud+2Jdzxh2g3cjSqImqyDp2pobEVWDesyw0uNnCc=
github.com/aws/constructs-go/constructs/v10 v10.1.90/go.mod h1:7+5GjvX5buJY6vZZmMxd50Ke1+NXzjva8N2eL+3txQQ=
github.com/aws/constructs-go/constructs/v10 v10.1.92 h1:i/G/b5QAWJzu6OWoMXevpfSjolchVojyFA+iJJOS7Bc=
github.com/aws/constructs-go/constructs/v10 v10.1.92/go.mod h1:7CLTEuaARiHiS/xFiVQCgvCBumDwA3uSLtDdVEJlR/E=
github.com/aws/constructs-go/constructs/v10 v10.1.94 h1:TiTb0N/7kzQfDiDOcSYa8jd2FnWIv4WBChfUgp1y69Q=
github.com/aws/constructs-go/constructs/v10 v10.1.94/go.mod h1:7CLTEuaARiHiS/xFiVQCgvCBumDwA3uSLtDdVEJlR/E=
github.com/aws/constructs-go/constructs/v10 v10.1.99 h1:0FBQLkVp32zwIRvvJcHHeLKKdz150mG+BzHKjXI7jHA=
github.com/aws/constructs-go/constructs/v10 v10.1.99/go.mod h1:pyPg5NpVy3IEJ2y0n6ayY/garQOxKTJvIk7ETWi5X80=
github.com/aws/constructs-go/constructs/v10 v10.1.106 h1:o1+nJTk8sMAupHkc3rV5+oJj+2xk6+BgZUmXMTdX8YM=
github.com/aws/constructs-go/constructs/v10 v10.1.106/go.mod h1:pyPg5NpVy3IEJ2y0n6ayY/garQOxKTJvIk7ETWi5X80=
github.com/aws/constructs-go/constructs/v10 v10.1.109 h1:lmqqCClXIdOcwCblmsCU3+9BhZH77pDOTCRfyB87KiQ=
github.com/aws/constructs-go/constructs/v10 v10.1.109/go.mod h1:pyPg5NpVy3IEJ2y0n6ayY/garQOxKTJvIk7ETWi5X80=
github.com/aws/constructs-go/constructs/v10 v10.1.111 h1:5UvenlKBbAe+SUYU0z8+E2vKReG03V3qNr2YixB+BEQ=
github.com/aws/constructs-go/constructs/v10 v10.1.111/go.mod h1:utyhwXdG4CxzHORjVi92o3h0x8H59sZZqSR3dsrzp8w=
github.com/aws/constructs-go/constructs/v10 v10.1.113/go.mod h1:utyhwXdG4CxzHORjVi92o3h0x8H59sZZqSR3dsrzp8w=
github.com/aws/constructs-go/constructs/v10 v10.1.131 h1:+QZJLXZYccJK4Awi+3EVL4epbJehyTIQ1Ngy1CaqF2k=
github.com/aws/constructs-go/constructs/v10 v10.1.131/go.mod h1:oTVXTVKdXCnJID4eAEUmO4tpyevdt6kyjopkBR2DDYI=
github.com/aws/constructs-go/constructs/v10 v10.1.136 h1:4SNzzlpMcCP+XbnlnhhIlElHZK2sP10zMacp2N69xiE=
github.com/aws/constructs-go/constructs/v10 v10.1.136/go.mod h1:L6ZTlHmRRQiWl8EAyoItmg9qUDvHmJ3PPFkAG91GRDw=
github.com/aws/constructs-go/constructs/v10 v10.1.178 h1:qkVsMG/CliTTBbXMQQOgr2wP1mM2FlggtXDvCP2xIfQ=
github.com/aws/constructs-go/constructs/v10 v10.1.178/go.mod h1:UXHdJzEYgQPF75bdwT+sWUqMKhXQgW/65MIxFI/ulmE=
github.com/aws/jsii-runtime-go v1.55.1/go.mod h1:9htokR2a9XpRcbNf3fwqPaTs0CpC3KJCOUDMMJvEgZQ=
github.com/aws/jsii-runtime-go v1.62.0/go.mod h1:Dq2QkYFSpiHGabsCBMmLnnGkyx3lnf5k6C6fq8RN/90=
github.com/aws/jsii-runtime-go v1.63.2 h1:brb+tRuZ3lDzFuz6DJCkv7fYLYkTKGVcSb4OgVybsa4=
github.com/aws/jsii-runtime-go v1.63.2/go.mod h1:Dq2QkYFSpiHGabsCBMmLnnGkyx3lnf5k6C6fq8RN/90=
github.com/aws/jsii-runtime-go v1.64.0 h1:B0OuI1is3nl+NwxBGfUPHYA6Z4fhYaBrv15gCjVXOCU=
github.com/aws/jsii-runtime-go v1.64.0/go.mod h1:Dq2QkYFSpiHGabsCBMmLnnGkyx3lnf5k6C6fq8RN/90=
github.com/aws/jsii-runtime-go v1.65.0 h1:A6o9DpZD0+IeFrXJ/qBPX7VJne5Vuk2KSfrG5Ez2dz8=
github.com/aws/jsii-runtime-go v1.65.0/go.mod h1:Dq2QkYFSpiHGabsCBMmLnnGkyx3lnf5k6C6fq8RN/90=
github.com/aws/jsii-runtime-go v1.66.0 h1:I+bntuSjUAlgeM8l286g1NjtU43MoqX6zx1sCWG1Yb8=
github.com/aws/jsii-runtime-go v1.66.0/go.mod h1:91SPsitQ+dDlxHNkXqVt1C6QmPmHC32QJm4xg6F5Q+4=
github.com/aws/jsii-runtime-go v1.67.0 h1:kE3XxCLesjvdmSlnG0P/61+eTz2w1vnBTp/ZLkcAY48=
github.com/aws/jsii-runtime-go v1.67.0/go.mod h1:91SPsitQ+dDlxHNkXqVt1C6QmPmHC32QJm4xg6F5Q+4=
github.com/aws/jsii-runtime-go v1.68.0 h1:LAG/SPqBJxKOmLjpFa3jPiUS9KC6FBSXI+zvl1V2tZw=
github.com/aws/jsii-runtime-go v1.68.0/go.mod h1:91SPsitQ+dDlxHNkXqVt1C6QmPmHC32QJm4xg6F5Q+4=
github.com/aws/jsii-runtime-go v1.69.0 h1:dGcLqhduPu/EAeHh6mrr/teu8r9ynEHn46Oz8OOAG1E=
github.com/aws/jsii-runtime-go v1.69.0/go.mod h1:91SPsitQ+dDlxHNkXqVt1C6QmPmHC32QJm4xg6F5Q+4=
github.com/aws/jsii-runtime-go v1.70.0 h1:grgd4ZcLn9rApgLOSzll4u3xJsBL4qKbs2McxASqz5g=
github.com/aws/jsii-runtime-go v1.70.0/go.mod h1:Cd836+6/rhL8LbslPaGofAh8c7H75KVMF6bfHyNl7vY=
github.com/aws/jsii-runtime-go v1.71.0 h1:WkTwbKy0Id2UHDUYOB2VDDeXuvShAIW4dUpzBcy7+t8=
github.com/aws/jsii-runtime-go v1.71.0/go.mod h1:Rwfj+tA+2/1/QfJTq1uXHm4UYaeTRc+zP7lZuEfg8cE=
github.com/aws/jsii-runtime-go v1.93.0 h1:QIFUKmsU0NpYZPhP24WSFn74PWlUKgJV6eQIe5/BfBU=
github.com/aws/jsii-runtime-go v1.93.0/go.mod h1:D7yFSwtXpTMqVB3c5IHQ1Z42p+pgkTkU7FqKBll33Sk=
github.com/davecgh/go-spew v1.1.0/go.mod h1:J7Y8YcW2NihsgmVo/mv3lAwl/skON4iLHjSsI+c5H38=
github.com/davecgh/go-spew v1.1.1 h1:vj9j/u1bqnvCEfJOwUhtlOARqs3+rkHYY13jYWTU97c=
github.com/davecgh/go-spew v1.1.1/go.mod h1:J7Y8YcW2NihsgmVo/mv3lAwl/skON4iLHjSsI+c5H38=
github.com/fatih/color v1.16.0 h1:zmkK9Ngbjj+K0yRhTVONQh1p/HknKYSlNT+vZCzyokM=
github.com/fatih/color v1.16.0/go.mod h1:fL2Sau1YI5c0pdGEVCbKQbLXB6edEj1ZgiY4NijnWvE=
github.com/hashicorp/cdktf-provider-archive-go/archive v1.0.2 h1:bt2tBKeyQy8ZaCzYOxfs4P65EZEZcs/DWqT2o1UalZs=
github.com/hashicorp/cdktf-provider-archive-go/archive v1.0.2/go.mod h1:FWM1/6VhD3LNhOCzcbRfthV8o7wWXa99z+PyVhPa9mk=
github.com/hashicorp/cdktf-provider-aws-go/aws/v9 v9.0.10 h1:93wR0UHaPz4dEsF7lShhHzAsG3PehUYobGf6ORuT/VM=
github.com/hashicorp/cdktf-provider-aws-go/aws/v9 v9.0.10/go.mod h1:hqdpg/3L0SRolN1MPPf88d6mSDzA6EgM5L0spj1GWj0=
github.com/hashicorp/cdktf-provider-aws-go/aws/v9 v9.0.12 h1:qt60KgGalp3iMBHss65bL2decEPnYe/AIBnbkFWysuc=
github.com/hashicorp/cdktf-provider-aws-go/aws/v9 v9.0.12/go.mod h1:3xUD+xeP3rzrzthSVcVkVdKIlwmxc9FhuZJuj5Kpigo=
github.com/hashicorp/cdktf-provider-aws-go/aws/v9 v9.0.13 h1:2cx4FRL4RlXMbIRkCl8zfbERplFgxMPXqnT7wZr5MFo=
github.com/hashicorp/cdktf-provider-aws-go/aws/v9 v9.0.13/go.mod h1:jsPOTMQRaTX343d+npWkmIndRDfVgEgx3l55HD1wK5c=
github.com/hashicorp/cdktf-provider-aws-go/aws/v9 v9.0.14 h1:FbRjcSpz/Iyc1C6IuaGKgK17T6NxQ7ecbpgMURpGrqQ=
github.com/hashicorp/cdktf-provider-aws-go/aws/v9 v9.0.14/go.mod h1:jsPOTMQRaTX343d+npWkmIndRDfVgEgx3l55HD1wK5c=
github.com/hashicorp/cdktf-provider-aws-go/aws/v9 v9.0.15 h1:6PUSnd/iNZo7qexmay3rD0EJAxE4tDSvI7cPw3V6K8E=
github.com/hashicorp/cdktf-provider-aws-go/aws/v9 v9.0.15/go.mod h1:jsPOTMQRaTX343d+npWkmIndRDfVgEgx3l55HD1wK5c=
github.com/hashicorp/cdktf-provider-aws-go/aws/v9 v9.0.17 h1:awIFyGmId8YMjZ2scSJ4nz5n5mh+ru4/m2rcL4hs12c=
github.com/hashicorp/cdktf-provider-aws-go/aws/v9 v9.0.17/go.mod h1:CLJhVlHMHYj9hhbsKpxsD3xws2HicJpSW80mghQIwWA=
github.com/hashicorp/cdktf-provider-aws-go/aws/v9 v9.0.21 h1:OEmccbZM733wH2AD9XH/AZxaIdTc4bVJ+i4VfP2XBzc=
github.com/hashicorp/cdktf-provider-aws-go/aws/v9 v9.0.21/go.mod h1:p/QEfyU+exzVOQ542gKODAqsvnnTN4oFRlJjbzBVxhA=
github.com/hashicorp/cdktf-provider-aws-go/aws/v9 v9.0.26 h1:MdI2StAVmbfkJCyN1Yl0IIppdEy/ErqMeF65j4nyID8=
github.com/hashicorp/cdktf-provider-aws-go/aws/v9 v9.0.26/go.mod h1:kf+JLWkyJQKWQWLytL84Bwtq6NnEDhQoGGnQbdMzDAk=
github.com/hashicorp/cdktf-provider-aws-go/aws/v9 v9.0.34 h1:YOkpxiX9lcuvlm7er/NtO3/jlnEl8DAO2PKg2otk49k=
github.com/hashicorp/cdktf-provider-aws-go/aws/v9 v9.0.34/go.mod h1:ha7nXjPiZazY3LhHmE81Us5HdXL6R986dkgRBwXtgoY=
github.com/hashicorp/cdktf-provider-aws-go/aws/v9 v9.0.37 h1:Ookv+prOs01POQirQbOOg6Vctdxb6lzpA9/MOtHKUfU=
github.com/hashicorp/cdktf-provider-aws-go/aws/v9 v9.0.37/go.mod h1:3chp5dE6O0gsc65iIFhaOYCprcKuPdOlqSGF4nHTdVg=
github.com/hashicorp/cdktf-provider-aws-go/aws/v9 v9.0.40 h1:ws1sEuwmipag0djacBOHQOqAJApiuk91mxhjNSIetKY=
github.com/hashicorp/cdktf-provider-aws-go/aws/v9 v9.0.40/go.mod h1:t9tRhANxSsJDXdRRXbjqb8jPfe2VLiB2hxCOYHCRxoY=
github.com/hashicorp/terraform-cdk-go/cdktf v0.11.2/go.mod h1:a8+QPHntwVyJLVedf3wnodH7roqSphfVCsAzPFGtVpk=
github.com/hashicorp/terraform-cdk-go/cdktf v0.12.0 h1:xNbMaZdhB5mKbrc7eSu6cIUcwJkhhDzmJPRhaNgAOCY=
github.com/hashicorp/terraform-cdk-go/cdktf v0.12.0/go.mod h1:jaEAIWsKKD4EDjXCpaZAsFhHmxP4y7giBC5lX6YU69A=
github.com/hashicorp/terraform-cdk-go/cdktf v0.12.1 h1:ZJTlGxrWszVp52NomHNzIQJK1+o8cnlITKx4mHLqY3A=
github.com/hashicorp/terraform-cdk-go/cdktf v0.12.1/go.mod h1:wYwFPosz5g+kX4WeNALHBzQyMeToiu+pBPr5I9kyWm0=
github.com/hashicorp/terraform-cdk-go/cdktf v0.12.2 h1:OoxUHu52l2NXYNbAdr1+6sy974lJLd0G6F1mU/kCIKE=
github.com/hashicorp/terraform-cdk-go/cdktf v0.12.2/go.mod h1:uQ6x3sUciytdlq0CxLmvSPEgD21SBRrCZisBS396388=
github.com/hashicorp/terraform-cdk-go/cdktf v0.13.1 h1:L8sN5sMUEkhtdx/64bDiY2LJkO6F9EbE/Xi0lgsqA/4=
github.com/hashicorp/terraform-cdk-go/cdktf v0.13.1/go.mod h1:/Mke5lTQhQk5dU9wZOlaZLyGjH4PXRuln+gZM5TJDP0=
github.com/hashicorp/terraform-cdk-go/cdktf v0.14.1 h1:3DHqxFlbRw9COBvn2Q8vftVJBS4FJmQc7CLzVUmwgMQ=
github.com/hashicorp/terraform-cdk-go/cdktf v0.14.1/go.mod h1:/Mke5lTQhQk5dU9wZOlaZLyGjH4PXRuln+gZM5TJDP0=
github.com/hashicorp/terraform-cdk-go/cdktf v0.20.3 h1:LgeFtdAGVpfBHEr5XKBtTmUT8e05AGvydmreCU+kTe8=
github.com/hashicorp/terraform-cdk-go/cdktf v0.20.3/go.mod h1:sX1VHO+9NS41G7n2LbtvigD2urVG7c+xqPLil3oX+sc=
github.com/mattn/go-colorable v0.1.13 h1:fFA4WZxdEF4tXPZVKMLwD8oUnCTTo08duU7wxecdEvA=
github.com/mattn/go-colorable v0.1.13/go.mod h1:7S9/ev0klgBDR4GtXTXX8a3vIGJpMovkB8vQcUbaXHg=
github.com/mattn/go-isatty v0.0.16 h1:bq3VjFmv/sOjHtdEhmkEV4x1AJtvUvOJ2PFAZ5+peKQ=
github.com/mattn/go-isatty v0.0.16/go.mod h1:kYGgaQfpe5nmfYZH+SKPsOc2e4SrIfOl2e/yFXSvRLM=
github.com/mattn/go-isatty v0.0.20 h1:xfD0iDuEKnDkl03q4limB+vH+GxLEtL/jb4xVJSWWEY=
github.com/mattn/go-isatty v0.0.20/go.mod h1:W+V8PltTTMOvKvAeJH7IuucS94S2C6jfK/D7dTCTo3Y=
github.com/pmezard/go-difflib v1.0.0 h1:4DBwDE0NGyQoBHbLQYPwSUPoCMWR5BEzIk/f1lZbAQM=
github.com/pmezard/go-difflib v1.0.0/go.mod h1:iKH77koFhYxTK1pcRnkKkqfTogsbg7gZNVY4sRDYZ/4=
github.com/stretchr/objx v0.1.0/go.mod h1:HFkY916IF+rwdDfMAkV7OtwuqBVzrE8GR6GFx+wExME=
github.com/stretchr/objx v0.4.0/go.mod h1:YvHI0jy2hoMjB+UWwv71VJQ9isScKT/TqJzVSSt89Yw=
github.com/stretchr/testify v1.7.0/go.mod h1:6Fq8oRcR53rry900zMqJjRRixrwX3KX962/h/Wwjteg=
github.com/stretchr/testify v1.7.1/go.mod h1:6Fq8oRcR53rry900zMqJjRRixrwX3KX962/h/Wwjteg=
github.com/stretchr/testify v1.8.0 h1:pSgiaMZlXftHpm5L7V1+rVB+AZJydKsMxsQBIJw4PKk=
github.com/stretchr/testify v1.8.0/go.mod h1:yNjHg4UonilssWZ8iaSj1OCr/vHnekPRkoO+kdMU+MU=
github.com/yuin/goldmark v1.4.13 h1:fVcFKWvrslecOb/tg+Cc05dkeYx540o0FuFt3nUVDoE=
github.com/yuin/goldmark v1.4.13/go.mod h1:6yULJ656Px+3vBD8DxQVa3kxgyrAnzto9xy5taEt/CY=
golang.org/x/crypto v0.0.0-20190308221718-c2843e01d9a2/go.mod h1:djNgcEr1/C05ACkg1iLfiJU5Ep61QUkGW8qpdssI0+w=
golang.org/x/crypto v0.0.0-20191011191535-87dc89f01550/go.mod h1:yigFU9vqHzYiE8UmvKecakEJjdnWj3jj499lnFckfCI=
golang.org/x/crypto v0.0.0-20210921155107-089bfa567519/go.mod h1:GvvjBRRGRdwPK5ydBHafDWAxML/pGHZbMvKqRZ5+Abc=
golang.org/x/lint v0.0.0-20210508222113-6edffad5e616 h1:VLliZ0d+/avPrXXH+OakdXhpJuEoBZuwh1m2j7U6Iug=
golang.org/x/lint v0.0.0-20210508222113-6edffad5e616/go.mod h1:3xt1FjdF8hUf6vQPIChWIBhFzV8gjjsPE/fR3IyQdNY=
golang.org/x/mod v0.1.1-0.20191105210325-c90efee705ee/go.mod h1:QqPTAvyqsEbceGzBzNggFXnrqF1CaUcvgkdR5Ot7KZg=
golang.org/x/mod v0.6.0-dev.0.20220419223038-86c51ed26bb4 h1:6zppjxzCulZykYSLyVDYbneBfbaBIQPYMevg0bEwv2s=
golang.org/x/mod v0.6.0-dev.0.20220419223038-86c51ed26bb4/go.mod h1:jJ57K6gSWd91VN4djpZkiMVwK6gcyfeH4XE8wZrZaV4=
golang.org/x/mod v0.6.0 h1:b9gGHsz9/HhJ3HF5DHQytPpuwocVTChQJK3AvoLRD5I=
golang.org/x/mod v0.6.0/go.mod h1:4mET923SAdbXp2ki8ey+zGs1SLqsuM2Y0uvdZR/fUNI=
golang.org/x/mod v0.14.0 h1:dGoOF9QVLYng8IHTm7BAyWqCqSheQ5pYWGhzW00YJr0=
golang.org/x/mod v0.14.0/go.mod h1:hTbmBsO62+eylJbnUtE2MGJUyE7QWk4xUqPFrRgJ+7c=
golang.org/x/net v0.0.0-20190404232315-eb5bcb51f2a3/go.mod h1:t9HGtf8HONx5eT2rtn7q6eTqICYqUVnKs3thJo3Qplg=
golang.org/x/net v0.0.0-20190620200207-3b0461eec859/go.mod h1:z5CRVTTTmAJ677TzLLGU+0bjPO0LkuOLi4/5GtJWs/s=
golang.org/x/net v0.0.0-20210226172049-e18ecbb05110/go.mod h1:m0MpNAwzfU5UDzcl9v0D8zg8gWTRqZa9RBIspLL5mdg=
golang.org/x/net v0.0.0-20220722155237-a158d28d115b h1:PxfKdU9lEEDYjdIzOtC4qFWgkU2rGHdKlKowJSMN9h0=
golang.org/x/net v0.0.0-20220722155237-a158d28d115b/go.mod h1:XRhObCWvk6IyKnWLug+ECip1KBveYUHfp+8e9klMJ9c=
golang.org/x/net v0.1.0/go.mod h1:Cx3nUiGt4eDBEyega/BKRp+/AlGL8hYe7U9odMt2Cco=
golang.org/x/net v0.19.0/go.mod h1:CfAk/cbD4CthTvqiEl8NpboMuiuOYsAr/7NOjZJtv1U=
golang.org/x/sync v0.0.0-20190423024810-112230192c58/go.mod h1:RxMgew5VJxzue5/jJTE5uejpjVlOe/izrB70Jof72aM=
golang.org/x/sync v0.0.0-20220722155255-886fb9371eb4/go.mod h1:RxMgew5VJxzue5/jJTE5uejpjVlOe/izrB70Jof72aM=
golang.org/x/sys v0.0.0-20190215142949-d0b11bdaac8a/go.mod h1:STP8DvDyc/dI5b8T5hshtkjS+E42TnysNCUPdjciGhY=
golang.org/x/sys v0.0.0-20190412213103-97732733099d/go.mod h1:h1NjWce9XRLGQEsW7wpKNCjG9DtNlClVuFLEZdDNbEs=
golang.org/x/sys v0.0.0-20201119102817-f84b799fce68/go.mod h1:h1NjWce9XRLGQEsW7wpKNCjG9DtNlClVuFLEZdDNbEs=
golang.org/x/sys v0.0.0-20210615035016-665e8c7367d1/go.mod h1:oPkhp1MJrh7nUepCBck5+mAzfO9JrbApNNgaTdGDITg=
golang.org/x/sys v0.0.0-20220520151302-bc2c85ada10a/go.mod h1:oPkhp1MJrh7nUepCBck5+mAzfO9JrbApNNgaTdGDITg=
golang.org/x/sys v0.0.0-20220722155257-8c9f86f7a55f/go.mod h1:oPkhp1MJrh7nUepCBck5+mAzfO9JrbApNNgaTdGDITg=
golang.org/x/sys v0.0.0-20220811171246-fbc7d0a398ab h1:2QkjZIsXupsJbJIdSjjUOgWK3aEtzyuh2mPt3l/CkeU=
golang.org/x/sys v0.0.0-20220811171246-fbc7d0a398ab/go.mod h1:oPkhp1MJrh7nUepCBck5+mAzfO9JrbApNNgaTdGDITg=
golang.org/x/sys v0.1.0 h1:kunALQeHf1/185U1i0GOB/fy1IPRDDpuoOOqRReG57U=
golang.org/x/sys v0.1.0/go.mod h1:oPkhp1MJrh7nUepCBck5+mAzfO9JrbApNNgaTdGDITg=
golang.org/x/sys v0.6.0/go.mod h1:oPkhp1MJrh7nUepCBck5+mAzfO9JrbApNNgaTdGDITg=
golang.org/x/sys v0.15.0 h1:h48lPFYpsTvQJZF4EKyI4aLHaev3CxivZmv7yZig9pc=
golang.org/x/sys v0.15.0/go.mod h1:/VUhepiaJMQUp4+oa/7Zr1D23ma6VTLIYjOOTFZPUcA=
golang.org/x/term v0.0.0-20201126162022-7de9c90e9dd1/go.mod h1:bj7SfCRtBDWHUb9snDiAeCFNEtKQo2Wmx5Cou7ajbmo=
golang.org/x/term v0.0.0-20210927222741-03fcf44c2211/go.mod h1:jbD1KX2456YbFQfuXm/mYQcufACuNUgVhRMnK/tPxf8=
golang.org/x/text v0.3.0/go.mod h1:NqM8EUOU14njkJ3fqMW+pc6Ldnwhi/IjpwHt7yyuwOQ=
golang.org/x/text v0.3.3/go.mod h1:5Zoc/QRtKVWzQhOtBMvqHzDpF6irO9z98xDceosuGiQ=
golang.org/x/text v0.3.7/go.mod h1:u+2+/6zg+i71rQMx5EYifcz6MCKuco9NR6JIITiCfzQ=
golang.org/x/tools v0.0.0-20180917221912-90fa682c2a6e/go.mod h1:n7NCudcB/nEzxVGmLbDWY5pfWTLqBcC2KZ6jyYvM4mQ=
golang.org/x/tools v0.0.0-20191119224855-298f0cb1881e/go.mod h1:b+2E5dAYhXwXZwtnZ6UAqBI28+e2cm9otk0dWdXHAEo=
golang.org/x/tools v0.0.0-20200130002326-2f3ba24bd6e7/go.mod h1:TB2adYChydJhpapKDTa4BR/hXlZSLoq2Wpct/0txZ28=
golang.org/x/tools v0.1.12 h1:VveCTK38A2rkS8ZqFY25HIDFscX5X9OoEhJd3quQmXU=
golang.org/x/tools v0.1.12/go.mod h1:hNGJHUnrk76NpqgfD5Aqm5Crs+Hm0VOH/i9J2+nxYbc=
golang.org/x/tools v0.2.0 h1:G6AHpWxTMGY1KyEYoAQ5WTtIekUUvDNjan3ugu60JvE=
golang.org/x/tools v0.2.0/go.mod h1:y4OqIKeOV/fWJetJ8bXPU1sEVniLMIyDAZWeHdV+NTA=
golang.org/x/tools v0.16.0 h1:GO788SKMRunPIBCXiQyo2AaexLstOrVhuAL5YwsckQM=
golang.org/x/tools v0.16.0/go.mod h1:kYVVN6I1mBNoB1OX+noeBjbRk4IUEPa7JJ+TJMEooJ0=
golang.org/x/xerrors v0.0.0-20190717185122-a985d3407aa7/go.mod h1:I/5z698sn9Ka8TeJc9MKroUUfqBBauWjQqLJ2OPfmY0=
golang.org/x/xerrors v0.0.0-20191011141410-1b5146add898/go.mod h1:I/5z698sn9Ka8TeJc9MKroUUfqBBauWjQqLJ2OPfmY0=
gopkg.in/check.v1 v0.0.0-20161208181325-20d25e280405/go.mod h1:Co6ibVJAznAaIkqp8huTwlJQCZ016jof/cbN4VW5Yz0=
gopkg.in/yaml.v3 v3.0.0-20200313102051-9f266ea9e77c/go.mod h1:K4uyk7z7BCEPqu6E+C64Yfv1cQ7kz7rIZviUmN+EgEM=
gopkg.in/yaml.v3 v3.0.0-20210107192922-496545a6307b/go.mod h1:K4uyk7z7BCEPqu6E+C64Yfv1cQ7kz7rIZviUmN+EgEM=
gopkg.in/yaml.v3 v3.0.1 h1:fxVm/GzAzEWqLHuvctI91KS9hhNmmWOoWu0XTYJS7CA=
gopkg.in/yaml.v3 v3.0.1/go.mod h1:K4uyk7z7BCEPqu6E+C64Yfv1cQ7kz7rIZviUmN+EgEM=
